
Microsoft Visual Studio Solution File, Format Version 12.00
# Visual Studio Version 17
VisualStudioVersion = 17.14.36623.8 d17.14
MinimumVisualStudioVersion = 10.0.40219.1
Project("{FAE04EC0-301F-11D3-BF4B-00C04F79EFBC}") = "ConsoleApp2", "ConsoleApp2\ConsoleApp2.csproj", "{ECF31F1B-F17B-44C2-B917-7E3158787FC3}"
EndProject
Global
	GlobalSection(SolutionConfigurationPlatforms) = preSolution
		Debug|Any CPU = Debug|Any CPU
		Release|Any CPU = Release|Any CPU
	EndGlobalSection
	GlobalSection(ProjectConfigurationPlatforms) = postSolution
		{ECF31F1B-F17B-44C2-B917-7E3158787FC3}.Debug|Any CPU.ActiveCfg = Debug|Any CPU
		{ECF31F1B-F17B-44C2-B917-7E3158787FC3}.Debug|Any CPU.Build.0 = Debug|Any CPU
		{ECF31F1B-F17B-44C2-B917-7E3158787FC3}.Release|Any CPU.ActiveCfg = Release|Any CPU
		{ECF31F1B-F17B-44C2-B917-7E3158787FC3}.Release|Any CPU.Build.0 = Release|Any CPU
	EndGlobalSection
	GlobalSection(SolutionProperties) = preSolution
		HideSolutionNode = FALSE
	EndGlobalSection
	GlobalSection(ExtensibilityGlobals) = postSolution
		SolutionGuid = {848A4A8E-860D-473F-9F94-E7BC660650EF}
	EndGlobalSection
EndGlobal
